
Microsoft Visual Studio Solution File, Format Version 12.00
# Visual Studio Version 17
VisualStudioVersion = 17.9.34526.213
MinimumVisualStudioVersion = 10.0.40219.1
Project("{FAE04EC0-301F-11D3-BF4B-00C04F79EFBC}") = "BlazorAppList", "BlazorAppList\BlazorAppList.csproj", "{BFC917C1-61AA-4A3B-AF7D-9DB72DFCBBC9}"
EndProject
Global
	GlobalSection(SolutionConfigurationPlatforms) = preSolution
		Debug|Any CPU = Debug|Any CPU
		Release|Any CPU = Release|Any CPU
	EndGlobalSection
	GlobalSection(ProjectConfigurationPlatforms) = postSolution
		{BFC917C1-61AA-4A3B-AF7D-9DB72DFCBBC9}.Debug|Any CPU.ActiveCfg = Debug|Any CPU
		{BFC917C1-61AA-4A3B-AF7D-9DB72DFCBBC9}.Debug|Any CPU.Build.0 = Debug|Any CPU
		{BFC917C1-61AA-4A3B-AF7D-9DB72DFCBBC9}.Release|Any CPU.ActiveCfg = Release|Any CPU
		{BFC917C1-61AA-4A3B-AF7D-9DB72DFCBBC9}.Release|Any CPU.Build.0 = Release|Any CPU
	EndGlobalSection
	GlobalSection(SolutionProperties) = preSolution
		HideSolutionNode = FALSE
	EndGlobalSection
	GlobalSection(ExtensibilityGlobals) = postSolution
		SolutionGuid = {241E19D7-E408-44EA-8753-46463D54AB95}
	EndGlobalSection
EndGlobal
